
Microsoft Visual Studio Solution File, Format Version 12.00
# Visual Studio Version 16
VisualStudioVersion = 16.0.32002.261
MinimumVisualStudioVersion = 10.0.40219.1
Project("{FAE04EC0-301F-11D3-BF4B-00C04F79EFBC}") = "Clipbord_App", "Clipbord_App\Clipbord_App.csproj", "{DA6CC635-D38D-4246-9B3E-ED5565098968}"
EndProject
Global
	GlobalSection(SolutionConfigurationPlatforms) = preSolution
		Debug|Any CPU = Debug|Any CPU
		Release|Any CPU = Release|Any CPU
	EndGlobalSection
	GlobalSection(ProjectConfigurationPlatforms) = postSolution
		{DA6CC635-D38D-4246-9B3E-ED5565098968}.Debug|Any CPU.ActiveCfg = Debug|Any CPU
		{DA6CC635-D38D-4246-9B3E-ED5565098968}.Debug|Any CPU.Build.0 = Debug|Any CPU
		{DA6CC635-D38D-4246-9B3E-ED5565098968}.Debug|Any CPU.Deploy.0 = Debug|Any CPU
		{DA6CC635-D38D-4246-9B3E-ED5565098968}.Release|Any CPU.ActiveCfg = Release|Any CPU
		{DA6CC635-D38D-4246-9B3E-ED5565098968}.Release|Any CPU.Build.0 = Release|Any CPU
		{DA6CC635-D38D-4246-9B3E-ED5565098968}.Release|Any CPU.Deploy.0 = Release|Any CPU
	EndGlobalSection
	GlobalSection(SolutionProperties) = preSolution
		HideSolutionNode = FALSE
	EndGlobalSection
	GlobalSection(ExtensibilityGlobals) = postSolution
		SolutionGuid = {F57D2DFE-78B9-4D06-958C-882D83C1AAF1}
	EndGlobalSection
EndGlobal
